<?xml version="1.0" encoding="utf-8"?>
<Project ToolsVersion="4.0" xmlns="http://schemas.microsoft.com/developer/msbuild/2003">
  <ItemGroup>
    <Filter Include="Source Files">
      <UniqueIdentifier>{4FC737F1-C7A5-4376-A066-2A32D752A2FF}</UniqueIdentifier>
      <Extensions>cpp;c;cc;cxx;c++;cppm;ixx;def;odl;idl;hpj;bat;asm;asmx</Extensions>
    </Filter>
    <Filter Include="Header Files">
      <UniqueIdentifier>{93995380-89BD-4b04-88EB-625FBE52EBFB}</UniqueIdentifier>
      <Extensions>h;hh;hpp;hxx;h++;hm;inl;inc;ipp;xsd</Extensions>
    </Filter>
    <Filter Include="Resource Files">
      <UniqueIdentifier>{67DA6AB6-F800-4c08-8B7A-83BB121AAD01}</UniqueIdentifier>
      <Extensions>rc;ico;cur;bmp;dlg;rc2;rct;bin;rgs;gif;jpg;jpeg;jpe;resx;tiff;tif;png;wav;mfcribbon-ms</Extensions>
    </Filter>
    <Filter Include="Header Files\Units">
      <UniqueIdentifier>{be5a16bb-e4a2-4cef-9456-8f1ac75d0901}</UniqueIdentifier>
    </Filter>
    <Filter Include="Source Files\Units">
      <UniqueIdentifier>{b7f2ffdf-9d63-4407-bc36-15cacfa22364}</UniqueIdentifier>
    </Filter>
    <Filter Include="Header Files\Positional">
      <UniqueIdentifier>{25e90196-7b14-4028-b253-c85bed9ac4ba}</UniqueIdentifier>
    </Filter>
    <Filter Include="Source Files\Positional">
      <UniqueIdentifier>{f454bba4-dc01-43c5-9885-894968377e40}</UniqueIdentifier>
    </Filter>
    <Filter Include="Header Files\Rendering">
      <UniqueIdentifier>{f259c38f-d9dd-4e76-b413-b6d002fa287c}</UniqueIdentifier>
    </Filter>
    <Filter Include="Source Files\Rendering">
      <UniqueIdentifier>{ada98e81-ea52-4dfa-b609-4ad80afc3089}</UniqueIdentifier>
    </Filter>
  </ItemGroup>
  <ItemGroup>
    <ClCompile Include="Main.cpp">
      <Filter>Source Files</Filter>
    </ClCompile>
    <ClCompile Include="Board.cpp">
      <Filter>Source Files</Filter>
    </ClCompile>
    <ClCompile Include="Unit.cpp">
      <Filter>Source Files</Filter>
    </ClCompile>
    <ClCompile Include="Input.cpp">
      <Filter>Source Files</Filter>
    </ClCompile>
    <ClCompile Include="Utils.cpp">
      <Filter>Source Files</Filter>
    </ClCompile>
    <ClCompile Include="Pawn.cpp">
      <Filter>Source Files\Units</Filter>
    </ClCompile>
    <ClCompile Include="Rook.cpp">
      <Filter>Source Files\Units</Filter>
    </ClCompile>
    <ClCompile Include="Knight.cpp">
      <Filter>Source Files\Units</Filter>
    </ClCompile>
    <ClCompile Include="Bishop.cpp">
      <Filter>Source Files\Units</Filter>
    </ClCompile>
    <ClCompile Include="Queen.cpp">
      <Filter>Source Files\Units</Filter>
    </ClCompile>
    <ClCompile Include="King.cpp">
      <Filter>Source Files\Units</Filter>
    </ClCompile>
    <ClCompile Include="UnitDirections.cpp">
      <Filter>Source Files</Filter>
    </ClCompile>
    <ClCompile Include="PieceMoves.cpp">
      <Filter>Source Files</Filter>
    </ClCompile>
    <ClCompile Include="Ghost.cpp">
      <Filter>Source Files</Filter>
    </ClCompile>
    <ClCompile Include="Rendering.cpp">
      <Filter>Source Files\Rendering</Filter>
    </ClCompile>
    <ClCompile Include="Sprite.cpp">
      <Filter>Source Files\Rendering</Filter>
    </ClCompile>
    <ClCompile Include="FrameBuffer.cpp">
      <Filter>Source Files\Rendering</Filter>
    </ClCompile>
    <ClCompile Include="Sprites.cpp">
      <Filter>Source Files\Rendering</Filter>
    </ClCompile>
  </ItemGroup>
  <ItemGroup>
    <ClInclude Include="Board.hpp">
      <Filter>Header Files</Filter>
    </ClInclude>
    <ClInclude Include="Unit.hpp">
      <Filter>Header Files</Filter>
    </ClInclude>
    <ClInclude Include="Input.hpp">
      <Filter>Header Files</Filter>
    </ClInclude>
    <ClInclude Include="Utils.hpp">
      <Filter>Header Files</Filter>
    </ClInclude>
    <ClInclude Include="Pawn.hpp">
      <Filter>Header Files\Units</Filter>
    </ClInclude>
    <ClInclude Include="Rook.hpp">
      <Filter>Header Files\Units</Filter>
    </ClInclude>
    <ClInclude Include="Knight.hpp">
      <Filter>Header Files\Units</Filter>
    </ClInclude>
    <ClInclude Include="Bishop.hpp">
      <Filter>Header Files\Units</Filter>
    </ClInclude>
    <ClInclude Include="Queen.hpp">
      <Filter>Header Files\Units</Filter>
    </ClInclude>
    <ClInclude Include="King.hpp">
      <Filter>Header Files\Units</Filter>
    </ClInclude>
    <ClInclude Include="UnitDirections.hpp">
      <Filter>Header Files</Filter>
    </ClInclude>
    <ClInclude Include="UnitData.hpp">
      <Filter>Header Files</Filter>
    </ClInclude>
    <ClInclude Include="PieceMoves.hpp">
      <Filter>Header Files</Filter>
    </ClInclude>
    <ClInclude Include="Coord.hpp">
      <Filter>Header Files\Positional</Filter>
    </ClInclude>
    <ClInclude Include="Vec2.hpp">
      <Filter>Header Files\Positional</Filter>
    </ClInclude>
    <ClInclude Include="PixelPos.hpp">
      <Filter>Header Files\Positional</Filter>
    </ClInclude>
    <ClInclude Include="BoardTile.hpp">
      <Filter>Header Files\Positional</Filter>
    </ClInclude>
    <ClInclude Include="PositionUtils.hpp">
      <Filter>Header Files\Positional</Filter>
    </ClInclude>
    <ClInclude Include="Constants.hpp">
      <Filter>Header Files</Filter>
    </ClInclude>
    <ClInclude Include="Color.hpp">
      <Filter>Header Files</Filter>
    </ClInclude>
    <ClInclude Include="Rendering.hpp">
      <Filter>Header Files\Rendering</Filter>
    </ClInclude>
    <ClInclude Include="Ghost.hpp">
      <Filter>Header Files\Rendering</Filter>
    </ClInclude>
    <ClInclude Include="Sprite.hpp">
      <Filter>Header Files\Rendering</Filter>
    </ClInclude>
    <ClInclude Include="FrameBuffer.hpp">
      <Filter>Header Files\Rendering</Filter>
    </ClInclude>
  </ItemGroup>
  <ItemGroup>
    <Text Include="dependency.md" />
  </ItemGroup>
</Project>